
Microsoft Visual Studio Solution File, Format Version 12.00
# Visual Studio Version 17
VisualStudioVersion = 17.5.33414.496
MinimumVisualStudioVersion = 10.0.40219.1
Project("{FAE04EC0-301F-11D3-BF4B-00C04F79EFBC}") = "AudioPlayer", "AudioPlayer.csproj", "{C51B8BF5-CB8D-4B32-806F-F44171964BA1}"
EndProject
Global
	GlobalSection(SolutionConfigurationPlatforms) = preSolution
		Debug|Any CPU = Debug|Any CPU
		Release|Any CPU = Release|Any CPU
	EndGlobalSection
	GlobalSection(ProjectConfigurationPlatforms) = postSolution
		{C51B8BF5-CB8D-4B32-806F-F44171964BA1}.Debug|Any CPU.ActiveCfg = Debug|Any CPU
		{C51B8BF5-CB8D-4B32-806F-F44171964BA1}.Debug|Any CPU.Build.0 = Debug|Any CPU
		{C51B8BF5-CB8D-4B32-806F-F44171964BA1}.Release|Any CPU.ActiveCfg = Release|Any CPU
		{C51B8BF5-CB8D-4B32-806F-F44171964BA1}.Release|Any CPU.Build.0 = Release|Any CPU
	EndGlobalSection
	GlobalSection(SolutionProperties) = preSolution
		HideSolutionNode = FALSE
	EndGlobalSection
	GlobalSection(ExtensibilityGlobals) = postSolution
		SolutionGuid = {87DA6D33-A189-4811-8A16-06737F4F5AB2}
	EndGlobalSection
EndGlobal
